# THIS IS AN AUTOGENERATED FILE. DO NOT EDIT THIS FILE DIRECTLY.
# yarn lockfile v1


bootstrap@^4.3.1:
  version "4.4.1"
  resolved "https://registry.yarnpkg.com/bootstrap/-/bootstrap-4.4.1.tgz#8582960eea0c5cd2bede84d8b0baf3789c3e8b01"
  integrity sha512-tbx5cHubwE6e2ZG7nqM3g/FZ5PQEDMWmMGNrCUBVRPHXTJaH7CBDdsLeu3eCh3B1tzAxTnAbtmrzvWEvT2NNEA==

bulma@^0.8.0:
  version "0.8.0"
  resolved "https://registry.yarnpkg.com/bulma/-/bulma-0.8.0.tgz#ac1606431703a4761b18a4a2d5cc1fa864a2aece"
  integrity sha512-nhf3rGyiZh/VM7FrSJ/5KeLlfaFkXz0nYcXriynfPH4vVpnxnqyEwaNGdNCVzHyyCA3cHgkQAMpdF/SFbFGZfA==

shred-bootstrap@^1.0.2:
  version "1.0.2"
  resolved "https://registry.yarnpkg.com/shred-bootstrap/-/shred-bootstrap-1.0.2.tgz#d6f441bd896909a0a621cb5fdce2b0d467d31bfe"
  integrity sha512-BNnMieLQ9HdpiE2QtAG94C0p0Yx6vZA7mX/IAlo3yqmj2vt60pFNQOo6tcDSPY1hO8POwuEAlvEgKlreUXJk+Q==
  dependencies:
    bootstrap "^4.3.1"
